// !$*UTF8*$!
{
	archiveVersion = 1;
	classes = {
	};
	objectVersion = 55;
	objects = {

/* Begin PBXBuildFile section */
		300C31A3289522D900B538FE /* AppDelegate.swift in Sources */ = {isa = PBXBuildFile; fileRef = 300C31A2289522D900B538FE /* AppDelegate.swift */; };
		300C31A5289522D900B538FE /* SceneDelegate.swift in Sources */ = {isa = PBXBuildFile; fileRef = 300C31A4289522D900B538FE /* SceneDelegate.swift */; };
		300C31AD289522D900B538FE /* WePluses.xcdatamodeld in Sources */ = {isa = PBXBuildFile; fileRef = 300C31AB289522D900B538FE /* WePluses.xcdatamodeld */; };
		300C31AF289522DB00B538FE /* Assets.xcassets in Resources */ = {isa = PBXBuildFile; fileRef = 300C31AE289522DB00B538FE /* Assets.xcassets */; };
		300C31B2289522DB00B538FE /* LaunchScreen.storyboard in Resources */ = {isa = PBXBuildFile; fileRef = 300C31B0289522DB00B538FE /* LaunchScreen.storyboard */; };
		300C31BB289523CC00B538FE /* StartScreenViewController.swift in Sources */ = {isa = PBXBuildFile; fileRef = 300C31BA289523CC00B538FE /* StartScreenViewController.swift */; };
		300C31BF289688FB00B538FE /* ChooseGenderViewController .swift in Sources */ = {isa = PBXBuildFile; fileRef = 300C31BE289688FB00B538FE /* ChooseGenderViewController .swift */; };
		300C31C62898637C00B538FE /* SF-Pro-Display-Bold.otf in Resources */ = {isa = PBXBuildFile; fileRef = 300C31C52898637B00B538FE /* SF-Pro-Display-Bold.otf */; };
		300C31C8289863D800B538FE /* SF-Pro-Display-Medium.otf in Resources */ = {isa = PBXBuildFile; fileRef = 300C31C7289863D800B538FE /* SF-Pro-Display-Medium.otf */; };
		300C31CA2898641C00B538FE /* SF-Pro-Display-Heavy.otf in Resources */ = {isa = PBXBuildFile; fileRef = 300C31C92898641C00B538FE /* SF-Pro-Display-Heavy.otf */; };
		300C31CE28997A4F00B538FE /* SetHeightViewStController.swift in Sources */ = {isa = PBXBuildFile; fileRef = 300C31CD28997A4F00B538FE /* SetHeightViewStController.swift */; };
		300C31D028997B5F00B538FE /* SetWeightKgViewController.swift in Sources */ = {isa = PBXBuildFile; fileRef = 300C31CF28997B5F00B538FE /* SetWeightKgViewController.swift */; };
		300C31D228997BE300B538FE /* SetHeightViewFtController.swift in Sources */ = {isa = PBXBuildFile; fileRef = 300C31D128997BE300B538FE /* SetHeightViewFtController.swift */; };
		300C31D428997C5300B538FE /* SetWeightLbViewController.swift in Sources */ = {isa = PBXBuildFile; fileRef = 300C31D328997C5300B538FE /* SetWeightLbViewController.swift */; };
/* End PBXBuildFile section */

/* Begin PBXFileReference section */
		300C319F289522D900B538FE /* WePluses.app */ = {isa = PBXFileReference; explicitFileType = wrapper.application; includeInIndex = 0; path = WePluses.app; sourceTree = BUILT_PRODUCTS_DIR; };
		300C31A2289522D900B538FE /* AppDelegate.swift */ = {isa = PBXFileReference; lastKnownFileType = sourcecode.swift; path = AppDelegate.swift; sourceTree = "<group>"; };
		300C31A4289522D900B538FE /* SceneDelegate.swift */ = {isa = PBXFileReference; lastKnownFileType = sourcecode.swift; path = SceneDelegate.swift; sourceTree = "<group>"; };
		300C31AC289522D900B538FE /* WePluses.xcdatamodel */ = {isa = PBXFileReference; lastKnownFileType = wrapper.xcdatamodel; path = WePluses.xcdatamodel; sourceTree = "<group>"; };
		300C31AE289522DB00B538FE /* Assets.xcassets */ = {isa = PBXFileReference; lastKnownFileType = folder.assetcatalog; path = Assets.xcassets; sourceTree = "<group>"; };
		300C31B1289522DB00B538FE /* Base */ = {isa = PBXFileReference; lastKnownFileType = file.storyboard; name = Base; path = Base.lproj/LaunchScreen.storyboard; sourceTree = "<group>"; };
		300C31B3289522DB00B538FE /* Info.plist */ = {isa = PBXFileReference; lastKnownFileType = text.plist.xml; path = Info.plist; sourceTree = "<group>"; };
		300C31BA289523CC00B538FE /* StartScreenViewController.swift */ = {isa = PBXFileReference; lastKnownFileType = sourcecode.swift; path = StartScreenViewController.swift; sourceTree = "<group>"; };
		300C31BE289688FB00B538FE /* ChooseGenderViewController .swift */ = {isa = PBXFileReference; lastKnownFileType = sourcecode.swift; path = "ChooseGenderViewController .swift"; sourceTree = "<group>"; };
		300C31C52898637B00B538FE /* SF-Pro-Display-Bold.otf */ = {isa = PBXFileReference; lastKnownFileType = file; path = "SF-Pro-Display-Bold.otf"; sourceTree = "<group>"; };
		300C31C7289863D800B538FE /* SF-Pro-Display-Medium.otf */ = {isa = PBXFileReference; lastKnownFileType = file; path = "SF-Pro-Display-Medium.otf"; sourceTree = "<group>"; };
		300C31C92898641C00B538FE /* SF-Pro-Display-Heavy.otf */ = {isa = PBXFileReference; lastKnownFileType = file; path = "SF-Pro-Display-Heavy.otf"; sourceTree = "<group>"; };
		300C31CD28997A4F00B538FE /* SetHeightViewStController.swift */ = {isa = PBXFileReference; lastKnownFileType = sourcecode.swift; path = SetHeightViewStController.swift; sourceTree = "<group>"; };
		300C31CF28997B5F00B538FE /* SetWeightKgViewController.swift */ = {isa = PBXFileReference; lastKnownFileType = sourcecode.swift; path = SetWeightKgViewController.swift; sourceTree = "<group>"; };
		300C31D128997BE300B538FE /* SetHeightViewFtController.swift */ = {isa = PBXFileReference; lastKnownFileType = sourcecode.swift; path = SetHeightViewFtController.swift; sourceTree = "<group>"; };
		300C31D328997C5300B538FE /* SetWeightLbViewController.swift */ = {isa = PBXFileReference; lastKnownFileType = sourcecode.swift; path = SetWeightLbViewController.swift; sourceTree = "<group>"; };
/* End PBXFileReference section */

/* Begin PBXFrameworksBuildPhase section */
		300C319C289522D900B538FE /* Frameworks */ = {
			isa = PBXFrameworksBuildPhase;
			buildActionMask = 2147483647;
			files = (
			);
			runOnlyForDeploymentPostprocessing = 0;
		};
/* End PBXFrameworksBuildPhase section */

/* Begin PBXGroup section */
		300C3196289522D900B538FE = {
			isa = PBXGroup;
			children = (
				300C31A1289522D900B538FE /* WePluses */,
				300C31A0289522D900B538FE /* Products */,
			);
			sourceTree = "<group>";
		};
		300C31A0289522D900B538FE /* Products */ = {
			isa = PBXGroup;
			children = (
				300C319F289522D900B538FE /* WePluses.app */,
			);
			name = Products;
			sourceTree = "<group>";
		};
		300C31A1289522D900B538FE /* WePluses */ = {
			isa = PBXGroup;
			children = (
				300C31BD289524B500B538FE /* Support */,
				300C31BC2895241800B538FE /* System */,
				300C31B9289523B400B538FE /* Views */,
				300C31AE289522DB00B538FE /* Assets.xcassets */,
				300C31B0289522DB00B538FE /* LaunchScreen.storyboard */,
				300C31AB289522D900B538FE /* WePluses.xcdatamodeld */,
				300C31B3289522DB00B538FE /* Info.plist */,
			);
			path = WePluses;
			sourceTree = "<group>";
		};
		300C31B9289523B400B538FE /* Views */ = {
			isa = PBXGroup;
			children = (
				300C31BA289523CC00B538FE /* StartScreenViewController.swift */,
				300C31BE289688FB00B538FE /* ChooseGenderViewController .swift */,
				300C31CD28997A4F00B538FE /* SetHeightViewStController.swift */,
				300C31D128997BE300B538FE /* SetHeightViewFtController.swift */,
				300C31CF28997B5F00B538FE /* SetWeightKgViewController.swift */,
				300C31D328997C5300B538FE /* SetWeightLbViewController.swift */,
			);
			name = Views;
			sourceTree = "<group>";
		};
		300C31BC2895241800B538FE /* System */ = {
			isa = PBXGroup;
			children = (
				300C31A2289522D900B538FE /* AppDelegate.swift */,
				300C31A4289522D900B538FE /* SceneDelegate.swift */,
			);
			path = System;
			sourceTree = "<group>";
		};
		300C31BD289524B500B538FE /* Support */ = {
			isa = PBXGroup;
			children = (
				300C31C22898616C00B538FE /* Font */,
			);
			name = Support;
			sourceTree = "<group>";
		};
		300C31C22898616C00B538FE /* Font */ = {
			isa = PBXGroup;
			children = (
				300C31C92898641C00B538FE /* SF-Pro-Display-Heavy.otf */,
				300C31C7289863D800B538FE /* SF-Pro-Display-Medium.otf */,
				300C31C52898637B00B538FE /* SF-Pro-Display-Bold.otf */,
			);
			path = Font;
			sourceTree = "<group>";
		};
/* End PBXGroup section */

/* Begin PBXNativeTarget section */
		300C319E289522D900B538FE /* WePluses */ = {
			isa = PBXNativeTarget;
			buildConfigurationList = 300C31B6289522DB00B538FE /* Build configuration list for PBXNativeTarget "WePluses" */;
			buildPhases = (
				300C319B289522D900B538FE /* Sources */,
				300C319C289522D900B538FE /* Frameworks */,
				300C319D289522D900B538FE /* Resources */,
			);
			buildRules = (
			);
			dependencies = (
			);
			name = WePluses;
			productName = WePluses;
			productReference = 300C319F289522D900B538FE /* WePluses.app */;
			productType = "com.apple.product-type.application";
		};
/* End PBXNativeTarget section */

/* Begin PBXProject section */
		300C3197289522D900B538FE /* Project object */ = {
			isa = PBXProject;
			attributes = {
				BuildIndependentTargetsInParallel = 1;
				LastSwiftUpdateCheck = 1340;
				LastUpgradeCheck = 1340;
				TargetAttributes = {
					300C319E289522D900B538FE = {
						CreatedOnToolsVersion = 13.4.1;
					};
				};
			};
			buildConfigurationList = 300C319A289522D900B538FE /* Build configuration list for PBXProject "WePluses" */;
			compatibilityVersion = "Xcode 13.0";
			developmentRegion = en;
			hasScannedForEncodings = 0;
			knownRegions = (
				en,
				Base,
			);
			mainGroup = 300C3196289522D900B538FE;
			productRefGroup = 300C31A0289522D900B538FE /* Products */;
			projectDirPath = "";
			projectRoot = "";
			targets = (
				300C319E289522D900B538FE /* WePluses */,
			);
		};
/* End PBXProject section */

/* Begin PBXResourcesBuildPhase section */
		300C319D289522D900B538FE /* Resources */ = {
			isa = PBXResourcesBuildPhase;
			buildActionMask = 2147483647;
			files = (
				300C31C8289863D800B538FE /* SF-Pro-Display-Medium.otf in Resources */,
				300C31CA2898641C00B538FE /* SF-Pro-Display-Heavy.otf in Resources */,
				300C31B2289522DB00B538FE /* LaunchScreen.storyboard in Resources */,
				300C31AF289522DB00B538FE /* Assets.xcassets in Resources */,
				300C31C62898637C00B538FE /* SF-Pro-Display-Bold.otf in Resources */,
			);
			runOnlyForDeploymentPostprocessing = 0;
		};
/* End PBXResourcesBuildPhase section */

/* Begin PBXSourcesBuildPhase section */
		300C319B289522D900B538FE /* Sources */ = {
			isa = PBXSourcesBuildPhase;
			buildActionMask = 2147483647;
			files = (
				300C31D228997BE300B538FE /* SetHeightViewFtController.swift in Sources */,
				300C31D428997C5300B538FE /* SetWeightLbViewController.swift in Sources */,
				300C31D028997B5F00B538FE /* SetWeightKgViewController.swift in Sources */,
				300C31AD289522D900B538FE /* WePluses.xcdatamodeld in Sources */,
				300C31A3289522D900B538FE /* AppDelegate.swift in Sources */,
				300C31BF289688FB00B538FE /* ChooseGenderViewController .swift in Sources */,
				300C31BB289523CC00B538FE /* StartScreenViewController.swift in Sources */,
				300C31CE28997A4F00B538FE /* SetHeightViewStController.swift in Sources */,
				300C31A5289522D900B538FE /* SceneDelegate.swift in Sources */,
			);
			runOnlyForDeploymentPostprocessing = 0;
		};
/* End PBXSourcesBuildPhase section */

/* Begin PBXVariantGroup section */
		300C31B0289522DB00B538FE /* LaunchScreen.storyboard */ = {
			isa = PBXVariantGroup;
			children = (
				300C31B1289522DB00B538FE /* Base */,
			);
			name = LaunchScreen.storyboard;
			sourceTree = "<group>";
		};
/* End PBXVariantGroup section */

/* Begin XCBuildConfiguration section */
		300C31B4289522DB00B538FE /* Debug */ = {
			isa = XCBuildConfiguration;
			buildSettings = {
				ALWAYS_SEARCH_USER_PATHS = NO;
				CLANG_ANALYZER_NONNULL = YES;
				CLANG_ANALYZER_NUMBER_OBJECT_CONVERSION = YES_AGGRESSIVE;
				CLANG_CXX_LANGUAGE_STANDARD = "gnu++17";
				CLANG_ENABLE_MODULES = YES;
				CLANG_ENABLE_OBJC_ARC = YES;
				CLANG_ENABLE_OBJC_WEAK = YES;
				CLANG_WARN_BLOCK_CAPTURE_AUTORELEASING = YES;
				CLANG_WARN_BOOL_CONVERSION = YES;
				CLANG_WARN_COMMA = YES;
				CLANG_WARN_CONSTANT_CONVERSION = YES;
				CLANG_WARN_DEPRECATED_OBJC_IMPLEMENTATIONS = YES;
				CLANG_WARN_DIRECT_OBJC_ISA_USAGE = YES_ERROR;
				CLANG_WARN_DOCUMENTATION_COMMENTS = YES;
				CLANG_WARN_EMPTY_BODY = YES;
				CLANG_WARN_ENUM_CONVERSION = YES;
				CLANG_WARN_INFINITE_RECURSION = YES;
				CLANG_WARN_INT_CONVERSION = YES;
				CLANG_WARN_NON_LITERAL_NULL_CONVERSION = YES;
				CLANG_WARN_OBJC_IMPLICIT_RETAIN_SELF = YES;
				CLANG_WARN_OBJC_LITERAL_CONVERSION = YES;
				CLANG_WARN_OBJC_ROOT_CLASS = YES_ERROR;
				CLANG_WARN_QUOTED_INCLUDE_IN_FRAMEWORK_HEADER = YES;
				CLANG_WARN_RANGE_LOOP_ANALYSIS = YES;
				CLANG_WARN_STRICT_PROTOTYPES = YES;
				CLANG_WARN_SUSPICIOUS_MOVE = YES;
				CLANG_WARN_UNGUARDED_AVAILABILITY = YES_AGGRESSIVE;
				CLANG_WARN_UNREACHABLE_CODE = YES;
				CLANG_WARN__DUPLICATE_METHOD_MATCH = YES;
				COPY_PHASE_STRIP = NO;
				DEBUG_INFORMATION_FORMAT = dwarf;
				ENABLE_STRICT_OBJC_MSGSEND = YES;
				ENABLE_TESTABILITY = YES;
				GCC_C_LANGUAGE_STANDARD = gnu11;
				GCC_DYNAMIC_NO_PIC = NO;
				GCC_NO_COMMON_BLOCKS = YES;
				GCC_OPTIMIZATION_LEVEL = 0;
				GCC_PREPROCESSOR_DEFINITIONS = (
					"DEBUG=1",
					"$(inherited)",
				);
				GCC_WARN_64_TO_32_BIT_CONVERSION = YES;
				GCC_WARN_ABOUT_RETURN_TYPE = YES_ERROR;
				GCC_WARN_UNDECLARED_SELECTOR = YES;
				GCC_WARN_UNINITIALIZED_AUTOS = YES_AGGRESSIVE;
				GCC_WARN_UNUSED_FUNCTION = YES;
				GCC_WARN_UNUSED_VARIABLE = YES;
				IPHONEOS_DEPLOYMENT_TARGET = 15.5;
				MTL_ENABLE_DEBUG_INFO = INCLUDE_SOURCE;
				MTL_FAST_MATH = YES;
				ONLY_ACTIVE_ARCH = YES;
				SDKROOT = iphoneos;
				SWIFT_ACTIVE_COMPILATION_CONDITIONS = DEBUG;
				SWIFT_OPTIMIZATION_LEVEL = "-Onone";
			};
			name = Debug;
		};
		300C31B5289522DB00B538FE /* Release */ = {
			isa = XCBuildConfiguration;
			buildSettings = {
				ALWAYS_SEARCH_USER_PATHS = NO;
				CLANG_ANALYZER_NONNULL = YES;
				CLANG_ANALYZER_NUMBER_OBJECT_CONVERSION = YES_AGGRESSIVE;
				CLANG_CXX_LANGUAGE_STANDARD = "gnu++17";
				CLANG_ENABLE_MODULES = YES;
				CLANG_ENABLE_OBJC_ARC = YES;
				CLANG_ENABLE_OBJC_WEAK = YES;
				CLANG_WARN_BLOCK_CAPTURE_AUTORELEASING = YES;
				CLANG_WARN_BOOL_CONVERSION = YES;
				CLANG_WARN_COMMA = YES;
				CLANG_WARN_CONSTANT_CONVERSION = YES;
				CLANG_WARN_DEPRECATED_OBJC_IMPLEMENTATIONS = YES;
				CLANG_WARN_DIRECT_OBJC_ISA_USAGE = YES_ERROR;
				CLANG_WARN_DOCUMENTATION_COMMENTS = YES;
				CLANG_WARN_EMPTY_BODY = YES;
				CLANG_WARN_ENUM_CONVERSION = YES;
				CLANG_WARN_INFINITE_RECURSION = YES;
				CLANG_WARN_INT_CONVERSION = YES;
				CLANG_WARN_NON_LITERAL_NULL_CONVERSION = YES;
				CLANG_WARN_OBJC_IMPLICIT_RETAIN_SELF = YES;
				CLANG_WARN_OBJC_LITERAL_CONVERSION = YES;
				CLANG_WARN_OBJC_ROOT_CLASS = YES_ERROR;
				CLANG_WARN_QUOTED_INCLUDE_IN_FRAMEWORK_HEADER = YES;
				CLANG_WARN_RANGE_LOOP_ANALYSIS = YES;
				CLANG_WARN_STRICT_PROTOTYPES = YES;
				CLANG_WARN_SUSPICIOUS_MOVE = YES;
				CLANG_WARN_UNGUARDED_AVAILABILITY = YES_AGGRESSIVE;
				CLANG_WARN_UNREACHABLE_CODE = YES;
				CLANG_WARN__DUPLICATE_METHOD_MATCH = YES;
				COPY_PHASE_STRIP = NO;
				DEBUG_INFORMATION_FORMAT = "dwarf-with-dsym";
				ENABLE_NS_ASSERTIONS = NO;
				ENABLE_STRICT_OBJC_MSGSEND = YES;
				GCC_C_LANGUAGE_STANDARD = gnu11;
				GCC_NO_COMMON_BLOCKS = YES;
				GCC_WARN_64_TO_32_BIT_CONVERSION = YES;
				GCC_WARN_ABOUT_RETURN_TYPE = YES_ERROR;
				GCC_WARN_UNDECLARED_SELECTOR = YES;
				GCC_WARN_UNINITIALIZED_AUTOS = YES_AGGRESSIVE;
				GCC_WARN_UNUSED_FUNCTION = YES;
				GCC_WARN_UNUSED_VARIABLE = YES;
				IPHONEOS_DEPLOYMENT_TARGET = 15.5;
				MTL_ENABLE_DEBUG_INFO = NO;
				MTL_FAST_MATH = YES;
				SDKROOT = iphoneos;
				SWIFT_COMPILATION_MODE = wholemodule;
				SWIFT_OPTIMIZATION_LEVEL = "-O";
				VALIDATE_PRODUCT = YES;
			};
			name = Release;
		};
		300C31B7289522DB00B538FE /* Debug */ = {
			isa = XCBuildConfiguration;
			buildSettings = {
				ASSETCATALOG_COMPILER_APPICON_NAME = AppIcon;
				ASSETCATALOG_COMPILER_GLOBAL_ACCENT_COLOR_NAME = AccentColor;
				CODE_SIGN_STYLE = Automatic;
				CURRENT_PROJECT_VERSION = 1;
				DEVELOPMENT_TEAM = 8NQ35J2AX4;
				GENERATE_INFOPLIST_FILE = YES;
				INFOPLIST_FILE = WePluses/Info.plist;
				INFOPLIST_KEY_UIApplicationSupportsIndirectInputEvents = YES;
				INFOPLIST_KEY_UILaunchStoryboardName = LaunchScreen;
				INFOPLIST_KEY_UISupportedInterfaceOrientations_iPad = "UIInterfaceOrientationPortrait UIInterfaceOrientationPortraitUpsideDown UIInterfaceOrientationLandscapeLeft UIInterfaceOrientationLandscapeRight";
				INFOPLIST_KEY_UISupportedInterfaceOrientations_iPhone = "UIInterfaceOrientationPortrait UIInterfaceOrientationLandscapeLeft UIInterfaceOrientationLandscapeRight";
				LD_RUNPATH_SEARCH_PATHS = (
					"$(inherited)",
					"@executable_path/Frameworks",
				);
				MARKETING_VERSION = 1.0;
				PRODUCT_BUNDLE_IDENTIFIER = Novel.WePluses;
				PRODUCT_NAME = "$(TARGET_NAME)";
				SWIFT_EMIT_LOC_STRINGS = YES;
				SWIFT_VERSION = 5.0;
				TARGETED_DEVICE_FAMILY = "1,2";
			};
			name = Debug;
		};
		300C31B8289522DB00B538FE /* Release */ = {
			isa = XCBuildConfiguration;
			buildSettings = {
				ASSETCATALOG_COMPILER_APPICON_NAME = AppIcon;
				ASSETCATALOG_COMPILER_GLOBAL_ACCENT_COLOR_NAME = AccentColor;
				CODE_SIGN_STYLE = Automatic;
				CURRENT_PROJECT_VERSION = 1;
				DEVELOPMENT_TEAM = 8NQ35J2AX4;
				GENERATE_INFOPLIST_FILE = YES;
				INFOPLIST_FILE = WePluses/Info.plist;
				INFOPLIST_KEY_UIApplicationSupportsIndirectInputEvents = YES;
				INFOPLIST_KEY_UILaunchStoryboardName = LaunchScreen;
				INFOPLIST_KEY_UISupportedInterfaceOrientations_iPad = "UIInterfaceOrientationPortrait UIInterfaceOrientationPortraitUpsideDown UIInterfaceOrientationLandscapeLeft UIInterfaceOrientationLandscapeRight";
				INFOPLIST_KEY_UISupportedInterfaceOrientations_iPhone = "UIInterfaceOrientationPortrait UIInterfaceOrientationLandscapeLeft UIInterfaceOrientationLandscapeRight";
				LD_RUNPATH_SEARCH_PATHS = (
					"$(inherited)",
					"@executable_path/Frameworks",
				);
				MARKETING_VERSION = 1.0;
				PRODUCT_BUNDLE_IDENTIFIER = Novel.WePluses;
				PRODUCT_NAME = "$(TARGET_NAME)";
				SWIFT_EMIT_LOC_STRINGS = YES;
				SWIFT_VERSION = 5.0;
				TARGETED_DEVICE_FAMILY = "1,2";
			};
			name = Release;
		};
/* End XCBuildConfiguration section */

/* Begin XCConfigurationList section */
		300C319A289522D900B538FE /* Build configuration list for PBXProject "WePluses" */ = {
			isa = XCConfigurationList;
			buildConfigurations = (
				300C31B4289522DB00B538FE /* Debug */,
				300C31B5289522DB00B538FE /* Release */,
			);
			defaultConfigurationIsVisible = 0;
			defaultConfigurationName = Release;
		};
		300C31B6289522DB00B538FE /* Build configuration list for PBXNativeTarget "WePluses" */ = {
			isa = XCConfigurationList;
			buildConfigurations = (
				300C31B7289522DB00B538FE /* Debug */,
				300C31B8289522DB00B538FE /* Release */,
			);
			defaultConfigurationIsVisible = 0;
			defaultConfigurationName = Release;
		};
/* End XCConfigurationList section */

/* Begin XCVersionGroup section */
		300C31AB289522D900B538FE /* WePluses.xcdatamodeld */ = {
			isa = XCVersionGroup;
			children = (
				300C31AC289522D900B538FE /* WePluses.xcdatamodel */,
			);
			currentVersion = 300C31AC289522D900B538FE /* WePluses.xcdatamodel */;
			path = WePluses.xcdatamodeld;
			sourceTree = "<group>";
			versionGroupType = wrapper.xcdatamodel;
		};
/* End XCVersionGroup section */
	};
	rootObject = 300C3197289522D900B538FE /* Project object */;
}
